// !$*UTF8*$!
{
	archiveVersion = 1;
	classes = {
	};
	objectVersion = 56;
	objects = {

/* Begin PBXBuildFile section */
		1D50AC092B1A49F400D58BF5 /* AppDelegate.swift in Sources */ = {isa = PBXBuildFile; fileRef = 1D50AC082B1A49F400D58BF5 /* AppDelegate.swift */; };
		1D50AC0B2B1A49F400D58BF5 /* SceneDelegate.swift in Sources */ = {isa = PBXBuildFile; fileRef = 1D50AC0A2B1A49F400D58BF5 /* SceneDelegate.swift */; };
		1D50AC0D2B1A49F400D58BF5 /* ViewController.swift in Sources */ = {isa = PBXBuildFile; fileRef = 1D50AC0C2B1A49F400D58BF5 /* ViewController.swift */; };
		1D50AC102B1A49F400D58BF5 /* Main.storyboard in Resources */ = {isa = PBXBuildFile; fileRef = 1D50AC0E2B1A49F400D58BF5 /* Main.storyboard */; };
		1D50AC122B1A49F500D58BF5 /* Assets.xcassets in Resources */ = {isa = PBXBuildFile; fileRef = 1D50AC112B1A49F500D58BF5 /* Assets.xcassets */; };
		1D50AC152B1A49F500D58BF5 /* LaunchScreen.storyboard in Resources */ = {isa = PBXBuildFile; fileRef = 1D50AC132B1A49F500D58BF5 /* LaunchScreen.storyboard */; };
		1D50AC1E2B1A4A3300D58BF5 /* Aliases.swift in Sources */ = {isa = PBXBuildFile; fileRef = 1D50AC1D2B1A4A3300D58BF5 /* Aliases.swift */; };
		1D50AC202B1A4AD200D58BF5 /* Endpoint.swift in Sources */ = {isa = PBXBuildFile; fileRef = 1D50AC1F2B1A4AD200D58BF5 /* Endpoint.swift */; };
		1D50AC222B1A4B8900D58BF5 /* Request.swift in Sources */ = {isa = PBXBuildFile; fileRef = 1D50AC212B1A4B8900D58BF5 /* Request.swift */; };
		1D50AC242B1A4DDF00D58BF5 /* Networking.swift in Sources */ = {isa = PBXBuildFile; fileRef = 1D50AC232B1A4DDF00D58BF5 /* Networking.swift */; };
		1D50AC262B1A4E0200D58BF5 /* NetworkingCommandModels.swift in Sources */ = {isa = PBXBuildFile; fileRef = 1D50AC252B1A4E0200D58BF5 /* NetworkingCommandModels.swift */; };
		1D50AC282B1A561B00D58BF5 /* ToDoWorker.swift in Sources */ = {isa = PBXBuildFile; fileRef = 1D50AC272B1A561B00D58BF5 /* ToDoWorker.swift */; };
/* End PBXBuildFile section */

/* Begin PBXFileReference section */
		1D50AC052B1A49F400D58BF5 /* CustomNetworking.app */ = {isa = PBXFileReference; explicitFileType = wrapper.application; includeInIndex = 0; path = CustomNetworking.app; sourceTree = BUILT_PRODUCTS_DIR; };
		1D50AC082B1A49F400D58BF5 /* AppDelegate.swift */ = {isa = PBXFileReference; lastKnownFileType = sourcecode.swift; path = AppDelegate.swift; sourceTree = "<group>"; };
		1D50AC0A2B1A49F400D58BF5 /* SceneDelegate.swift */ = {isa = PBXFileReference; lastKnownFileType = sourcecode.swift; path = SceneDelegate.swift; sourceTree = "<group>"; };
		1D50AC0C2B1A49F400D58BF5 /* ViewController.swift */ = {isa = PBXFileReference; lastKnownFileType = sourcecode.swift; path = ViewController.swift; sourceTree = "<group>"; };
		1D50AC0F2B1A49F400D58BF5 /* Base */ = {isa = PBXFileReference; lastKnownFileType = file.storyboard; name = Base; path = Base.lproj/Main.storyboard; sourceTree = "<group>"; };
		1D50AC112B1A49F500D58BF5 /* Assets.xcassets */ = {isa = PBXFileReference; lastKnownFileType = folder.assetcatalog; path = Assets.xcassets; sourceTree = "<group>"; };
		1D50AC142B1A49F500D58BF5 /* Base */ = {isa = PBXFileReference; lastKnownFileType = file.storyboard; name = Base; path = Base.lproj/LaunchScreen.storyboard; sourceTree = "<group>"; };
		1D50AC162B1A49F500D58BF5 /* Info.plist */ = {isa = PBXFileReference; lastKnownFileType = text.plist.xml; path = Info.plist; sourceTree = "<group>"; };
		1D50AC1D2B1A4A3300D58BF5 /* Aliases.swift */ = {isa = PBXFileReference; lastKnownFileType = sourcecode.swift; path = Aliases.swift; sourceTree = "<group>"; };
		1D50AC1F2B1A4AD200D58BF5 /* Endpoint.swift */ = {isa = PBXFileReference; lastKnownFileType = sourcecode.swift; path = Endpoint.swift; sourceTree = "<group>"; };
		1D50AC212B1A4B8900D58BF5 /* Request.swift */ = {isa = PBXFileReference; lastKnownFileType = sourcecode.swift; path = Request.swift; sourceTree = "<group>"; };
		1D50AC232B1A4DDF00D58BF5 /* Networking.swift */ = {isa = PBXFileReference; lastKnownFileType = sourcecode.swift; path = Networking.swift; sourceTree = "<group>"; };
		1D50AC252B1A4E0200D58BF5 /* NetworkingCommandModels.swift */ = {isa = PBXFileReference; lastKnownFileType = sourcecode.swift; path = NetworkingCommandModels.swift; sourceTree = "<group>"; };
		1D50AC272B1A561B00D58BF5 /* ToDoWorker.swift */ = {isa = PBXFileReference; lastKnownFileType = sourcecode.swift; path = ToDoWorker.swift; sourceTree = "<group>"; };
/* End PBXFileReference section */

/* Begin PBXFrameworksBuildPhase section */
		1D50AC022B1A49F400D58BF5 /* Frameworks */ = {
			isa = PBXFrameworksBuildPhase;
			buildActionMask = 2147483647;
			files = (
			);
			runOnlyForDeploymentPostprocessing = 0;
		};
/* End PBXFrameworksBuildPhase section */

/* Begin PBXGroup section */
		1D50ABFC2B1A49F300D58BF5 = {
			isa = PBXGroup;
			children = (
				1D50AC072B1A49F400D58BF5 /* CustomNetworking */,
				1D50AC062B1A49F400D58BF5 /* Products */,
			);
			sourceTree = "<group>";
		};
		1D50AC062B1A49F400D58BF5 /* Products */ = {
			isa = PBXGroup;
			children = (
				1D50AC052B1A49F400D58BF5 /* CustomNetworking.app */,
			);
			name = Products;
			sourceTree = "<group>";
		};
		1D50AC072B1A49F400D58BF5 /* CustomNetworking */ = {
			isa = PBXGroup;
			children = (
				1D50AC1C2B1A4A0B00D58BF5 /* CustomNetworking */,
				1D50AC082B1A49F400D58BF5 /* AppDelegate.swift */,
				1D50AC0A2B1A49F400D58BF5 /* SceneDelegate.swift */,
				1D50AC0C2B1A49F400D58BF5 /* ViewController.swift */,
				1D50AC272B1A561B00D58BF5 /* ToDoWorker.swift */,
				1D50AC0E2B1A49F400D58BF5 /* Main.storyboard */,
				1D50AC112B1A49F500D58BF5 /* Assets.xcassets */,
				1D50AC132B1A49F500D58BF5 /* LaunchScreen.storyboard */,
				1D50AC162B1A49F500D58BF5 /* Info.plist */,
			);
			path = CustomNetworking;
			sourceTree = "<group>";
		};
		1D50AC1C2B1A4A0B00D58BF5 /* CustomNetworking */ = {
			isa = PBXGroup;
			children = (
				1D50AC1D2B1A4A3300D58BF5 /* Aliases.swift */,
				1D50AC1F2B1A4AD200D58BF5 /* Endpoint.swift */,
				1D50AC212B1A4B8900D58BF5 /* Request.swift */,
				1D50AC232B1A4DDF00D58BF5 /* Networking.swift */,
				1D50AC252B1A4E0200D58BF5 /* NetworkingCommandModels.swift */,
			);
			path = CustomNetworking;
			sourceTree = "<group>";
		};
/* End PBXGroup section */

/* Begin PBXNativeTarget section */
		1D50AC042B1A49F400D58BF5 /* CustomNetworking */ = {
			isa = PBXNativeTarget;
			buildConfigurationList = 1D50AC192B1A49F500D58BF5 /* Build configuration list for PBXNativeTarget "CustomNetworking" */;
			buildPhases = (
				1D50AC012B1A49F400D58BF5 /* Sources */,
				1D50AC022B1A49F400D58BF5 /* Frameworks */,
				1D50AC032B1A49F400D58BF5 /* Resources */,
			);
			buildRules = (
			);
			dependencies = (
			);
			name = CustomNetworking;
			productName = CustomNetworking;
			productReference = 1D50AC052B1A49F400D58BF5 /* CustomNetworking.app */;
			productType = "com.apple.product-type.application";
		};
/* End PBXNativeTarget section */

/* Begin PBXProject section */
		1D50ABFD2B1A49F300D58BF5 /* Project object */ = {
			isa = PBXProject;
			attributes = {
				BuildIndependentTargetsInParallel = 1;
				LastSwiftUpdateCheck = 1500;
				LastUpgradeCheck = 1500;
				TargetAttributes = {
					1D50AC042B1A49F400D58BF5 = {
						CreatedOnToolsVersion = 15.0;
					};
				};
			};
			buildConfigurationList = 1D50AC002B1A49F300D58BF5 /* Build configuration list for PBXProject "CustomNetworking" */;
			compatibilityVersion = "Xcode 14.0";
			developmentRegion = en;
			hasScannedForEncodings = 0;
			knownRegions = (
				en,
				Base,
			);
			mainGroup = 1D50ABFC2B1A49F300D58BF5;
			productRefGroup = 1D50AC062B1A49F400D58BF5 /* Products */;
			projectDirPath = "";
			projectRoot = "";
			targets = (
				1D50AC042B1A49F400D58BF5 /* CustomNetworking */,
			);
		};
/* End PBXProject section */

/* Begin PBXResourcesBuildPhase section */
		1D50AC032B1A49F400D58BF5 /* Resources */ = {
			isa = PBXResourcesBuildPhase;
			buildActionMask = 2147483647;
			files = (
				1D50AC152B1A49F500D58BF5 /* LaunchScreen.storyboard in Resources */,
				1D50AC122B1A49F500D58BF5 /* Assets.xcassets in Resources */,
				1D50AC102B1A49F400D58BF5 /* Main.storyboard in Resources */,
			);
			runOnlyForDeploymentPostprocessing = 0;
		};
/* End PBXResourcesBuildPhase section */

/* Begin PBXSourcesBuildPhase section */
		1D50AC012B1A49F400D58BF5 /* Sources */ = {
			isa = PBXSourcesBuildPhase;
			buildActionMask = 2147483647;
			files = (
				1D50AC0D2B1A49F400D58BF5 /* ViewController.swift in Sources */,
				1D50AC282B1A561B00D58BF5 /* ToDoWorker.swift in Sources */,
				1D50AC222B1A4B8900D58BF5 /* Request.swift in Sources */,
				1D50AC092B1A49F400D58BF5 /* AppDelegate.swift in Sources */,
				1D50AC262B1A4E0200D58BF5 /* NetworkingCommandModels.swift in Sources */,
				1D50AC1E2B1A4A3300D58BF5 /* Aliases.swift in Sources */,
				1D50AC0B2B1A49F400D58BF5 /* SceneDelegate.swift in Sources */,
				1D50AC202B1A4AD200D58BF5 /* Endpoint.swift in Sources */,
				1D50AC242B1A4DDF00D58BF5 /* Networking.swift in Sources */,
			);
			runOnlyForDeploymentPostprocessing = 0;
		};
/* End PBXSourcesBuildPhase section */

/* Begin PBXVariantGroup section */
		1D50AC0E2B1A49F400D58BF5 /* Main.storyboard */ = {
			isa = PBXVariantGroup;
			children = (
				1D50AC0F2B1A49F400D58BF5 /* Base */,
			);
			name = Main.storyboard;
			sourceTree = "<group>";
		};
		1D50AC132B1A49F500D58BF5 /* LaunchScreen.storyboard */ = {
			isa = PBXVariantGroup;
			children = (
				1D50AC142B1A49F500D58BF5 /* Base */,
			);
			name = LaunchScreen.storyboard;
			sourceTree = "<group>";
		};
/* End PBXVariantGroup section */

/* Begin XCBuildConfiguration section */
		1D50AC172B1A49F500D58BF5 /* Debug */ = {
			isa = XCBuildConfiguration;
			buildSettings = {
				ALWAYS_SEARCH_USER_PATHS = NO;
				ASSETCATALOG_COMPILER_GENERATE_SWIFT_ASSET_SYMBOL_EXTENSIONS = YES;
				CLANG_ANALYZER_NONNULL = YES;
				CLANG_ANALYZER_NUMBER_OBJECT_CONVERSION = YES_AGGRESSIVE;
				CLANG_CXX_LANGUAGE_STANDARD = "gnu++20";
				CLANG_ENABLE_MODULES = YES;
				CLANG_ENABLE_OBJC_ARC = YES;
				CLANG_ENABLE_OBJC_WEAK = YES;
				CLANG_WARN_BLOCK_CAPTURE_AUTORELEASING = YES;
				CLANG_WARN_BOOL_CONVERSION = YES;
				CLANG_WARN_COMMA = YES;
				CLANG_WARN_CONSTANT_CONVERSION = YES;
				CLANG_WARN_DEPRECATED_OBJC_IMPLEMENTATIONS = YES;
				CLANG_WARN_DIRECT_OBJC_ISA_USAGE = YES_ERROR;
				CLANG_WARN_DOCUMENTATION_COMMENTS = YES;
				CLANG_WARN_EMPTY_BODY = YES;
				CLANG_WARN_ENUM_CONVERSION = YES;
				CLANG_WARN_INFINITE_RECURSION = YES;
				CLANG_WARN_INT_CONVERSION = YES;
				CLANG_WARN_NON_LITERAL_NULL_CONVERSION = YES;
				CLANG_WARN_OBJC_IMPLICIT_RETAIN_SELF = YES;
				CLANG_WARN_OBJC_LITERAL_CONVERSION = YES;
				CLANG_WARN_OBJC_ROOT_CLASS = YES_ERROR;
				CLANG_WARN_QUOTED_INCLUDE_IN_FRAMEWORK_HEADER = YES;
				CLANG_WARN_RANGE_LOOP_ANALYSIS = YES;
				CLANG_WARN_STRICT_PROTOTYPES = YES;
				CLANG_WARN_SUSPICIOUS_MOVE = YES;
				CLANG_WARN_UNGUARDED_AVAILABILITY = YES_AGGRESSIVE;
				CLANG_WARN_UNREACHABLE_CODE = YES;
				CLANG_WARN__DUPLICATE_METHOD_MATCH = YES;
				COPY_PHASE_STRIP = NO;
				DEBUG_INFORMATION_FORMAT = dwarf;
				ENABLE_STRICT_OBJC_MSGSEND = YES;
				ENABLE_TESTABILITY = YES;
				ENABLE_USER_SCRIPT_SANDBOXING = YES;
				GCC_C_LANGUAGE_STANDARD = gnu17;
				GCC_DYNAMIC_NO_PIC = NO;
				GCC_NO_COMMON_BLOCKS = YES;
				GCC_OPTIMIZATION_LEVEL = 0;
				GCC_PREPROCESSOR_DEFINITIONS = (
					"DEBUG=1",
					"$(inherited)",
				);
				GCC_WARN_64_TO_32_BIT_CONVERSION = YES;
				GCC_WARN_ABOUT_RETURN_TYPE = YES_ERROR;
				GCC_WARN_UNDECLARED_SELECTOR = YES;
				GCC_WARN_UNINITIALIZED_AUTOS = YES_AGGRESSIVE;
				GCC_WARN_UNUSED_FUNCTION = YES;
				GCC_WARN_UNUSED_VARIABLE = YES;
				IPHONEOS_DEPLOYMENT_TARGET = 17.0;
				LOCALIZATION_PREFERS_STRING_CATALOGS = YES;
				MTL_ENABLE_DEBUG_INFO = INCLUDE_SOURCE;
				MTL_FAST_MATH = YES;
				ONLY_ACTIVE_ARCH = YES;
				SDKROOT = iphoneos;
				SWIFT_ACTIVE_COMPILATION_CONDITIONS = "DEBUG $(inherited)";
				SWIFT_OPTIMIZATION_LEVEL = "-Onone";
			};
			name = Debug;
		};
		1D50AC182B1A49F500D58BF5 /* Release */ = {
			isa = XCBuildConfiguration;
			buildSettings = {
				ALWAYS_SEARCH_USER_PATHS = NO;
				ASSETCATALOG_COMPILER_GENERATE_SWIFT_ASSET_SYMBOL_EXTENSIONS = YES;
				CLANG_ANALYZER_NONNULL = YES;
				CLANG_ANALYZER_NUMBER_OBJECT_CONVERSION = YES_AGGRESSIVE;
				CLANG_CXX_LANGUAGE_STANDARD = "gnu++20";
				CLANG_ENABLE_MODULES = YES;
				CLANG_ENABLE_OBJC_ARC = YES;
				CLANG_ENABLE_OBJC_WEAK = YES;
				CLANG_WARN_BLOCK_CAPTURE_AUTORELEASING = YES;
				CLANG_WARN_BOOL_CONVERSION = YES;
				CLANG_WARN_COMMA = YES;
				CLANG_WARN_CONSTANT_CONVERSION = YES;
				CLANG_WARN_DEPRECATED_OBJC_IMPLEMENTATIONS = YES;
				CLANG_WARN_DIRECT_OBJC_ISA_USAGE = YES_ERROR;
				CLANG_WARN_DOCUMENTATION_COMMENTS = YES;
				CLANG_WARN_EMPTY_BODY = YES;
				CLANG_WARN_ENUM_CONVERSION = YES;
				CLANG_WARN_INFINITE_RECURSION = YES;
				CLANG_WARN_INT_CONVERSION = YES;
				CLANG_WARN_NON_LITERAL_NULL_CONVERSION = YES;
				CLANG_WARN_OBJC_IMPLICIT_RETAIN_SELF = YES;
				CLANG_WARN_OBJC_LITERAL_CONVERSION = YES;
				CLANG_WARN_OBJC_ROOT_CLASS = YES_ERROR;
				CLANG_WARN_QUOTED_INCLUDE_IN_FRAMEWORK_HEADER = YES;
				CLANG_WARN_RANGE_LOOP_ANALYSIS = YES;
				CLANG_WARN_STRICT_PROTOTYPES = YES;
				CLANG_WARN_SUSPICIOUS_MOVE = YES;
				CLANG_WARN_UNGUARDED_AVAILABILITY = YES_AGGRESSIVE;
				CLANG_WARN_UNREACHABLE_CODE = YES;
				CLANG_WARN__DUPLICATE_METHOD_MATCH = YES;
				COPY_PHASE_STRIP = NO;
				DEBUG_INFORMATION_FORMAT = "dwarf-with-dsym";
				ENABLE_NS_ASSERTIONS = NO;
				ENABLE_STRICT_OBJC_MSGSEND = YES;
				ENABLE_USER_SCRIPT_SANDBOXING = YES;
				GCC_C_LANGUAGE_STANDARD = gnu17;
				GCC_NO_COMMON_BLOCKS = YES;
				GCC_WARN_64_TO_32_BIT_CONVERSION = YES;
				GCC_WARN_ABOUT_RETURN_TYPE = YES_ERROR;
				GCC_WARN_UNDECLARED_SELECTOR = YES;
				GCC_WARN_UNINITIALIZED_AUTOS = YES_AGGRESSIVE;
				GCC_WARN_UNUSED_FUNCTION = YES;
				GCC_WARN_UNUSED_VARIABLE = YES;
				IPHONEOS_DEPLOYMENT_TARGET = 17.0;
				LOCALIZATION_PREFERS_STRING_CATALOGS = YES;
				MTL_ENABLE_DEBUG_INFO = NO;
				MTL_FAST_MATH = YES;
				SDKROOT = iphoneos;
				SWIFT_COMPILATION_MODE = wholemodule;
				VALIDATE_PRODUCT = YES;
			};
			name = Release;
		};
		1D50AC1A2B1A49F500D58BF5 /* Debug */ = {
			isa = XCBuildConfiguration;
			buildSettings = {
				ASSETCATALOG_COMPILER_APPICON_NAME = AppIcon;
				ASSETCATALOG_COMPILER_GLOBAL_ACCENT_COLOR_NAME = AccentColor;
				CODE_SIGN_STYLE = Automatic;
				CURRENT_PROJECT_VERSION = 1;
				DEVELOPMENT_TEAM = 727T6M4PM2;
				GENERATE_INFOPLIST_FILE = YES;
				INFOPLIST_FILE = CustomNetworking/Info.plist;
				INFOPLIST_KEY_UIApplicationSupportsIndirectInputEvents = YES;
				INFOPLIST_KEY_UILaunchStoryboardName = LaunchScreen;
				INFOPLIST_KEY_UIMainStoryboardFile = Main;
				INFOPLIST_KEY_UISupportedInterfaceOrientations_iPad = "UIInterfaceOrientationPortrait UIInterfaceOrientationPortraitUpsideDown UIInterfaceOrientationLandscapeLeft UIInterfaceOrientationLandscapeRight";
				INFOPLIST_KEY_UISupportedInterfaceOrientations_iPhone = "UIInterfaceOrientationPortrait UIInterfaceOrientationLandscapeLeft UIInterfaceOrientationLandscapeRight";
				LD_RUNPATH_SEARCH_PATHS = (
					"$(inherited)",
					"@executable_path/Frameworks",
				);
				MARKETING_VERSION = 1.0;
				PRODUCT_BUNDLE_IDENTIFIER = NIS.CustomNetworking;
				PRODUCT_NAME = "$(TARGET_NAME)";
				SWIFT_EMIT_LOC_STRINGS = YES;
				SWIFT_VERSION = 5.0;
				TARGETED_DEVICE_FAMILY = "1,2";
			};
			name = Debug;
		};
		1D50AC1B2B1A49F500D58BF5 /* Release */ = {
			isa = XCBuildConfiguration;
			buildSettings = {
				ASSETCATALOG_COMPILER_APPICON_NAME = AppIcon;
				ASSETCATALOG_COMPILER_GLOBAL_ACCENT_COLOR_NAME = AccentColor;
				CODE_SIGN_STYLE = Automatic;
				CURRENT_PROJECT_VERSION = 1;
				DEVELOPMENT_TEAM = 727T6M4PM2;
				GENERATE_INFOPLIST_FILE = YES;
				INFOPLIST_FILE = CustomNetworking/Info.plist;
				INFOPLIST_KEY_UIApplicationSupportsIndirectInputEvents = YES;
				INFOPLIST_KEY_UILaunchStoryboardName = LaunchScreen;
				INFOPLIST_KEY_UIMainStoryboardFile = Main;
				INFOPLIST_KEY_UISupportedInterfaceOrientations_iPad = "UIInterfaceOrientationPortrait UIInterfaceOrientationPortraitUpsideDown UIInterfaceOrientationLandscapeLeft UIInterfaceOrientationLandscapeRight";
				INFOPLIST_KEY_UISupportedInterfaceOrientations_iPhone = "UIInterfaceOrientationPortrait UIInterfaceOrientationLandscapeLeft UIInterfaceOrientationLandscapeRight";
				LD_RUNPATH_SEARCH_PATHS = (
					"$(inherited)",
					"@executable_path/Frameworks",
				);
				MARKETING_VERSION = 1.0;
				PRODUCT_BUNDLE_IDENTIFIER = NIS.CustomNetworking;
				PRODUCT_NAME = "$(TARGET_NAME)";
				SWIFT_EMIT_LOC_STRINGS = YES;
				SWIFT_VERSION = 5.0;
				TARGETED_DEVICE_FAMILY = "1,2";
			};
			name = Release;
		};
/* End XCBuildConfiguration section */

/* Begin XCConfigurationList section */
		1D50AC002B1A49F300D58BF5 /* Build configuration list for PBXProject "CustomNetworking" */ = {
			isa = XCConfigurationList;
			buildConfigurations = (
				1D50AC172B1A49F500D58BF5 /* Debug */,
				1D50AC182B1A49F500D58BF5 /* Release */,
			);
			defaultConfigurationIsVisible = 0;
			defaultConfigurationName = Release;
		};
		1D50AC192B1A49F500D58BF5 /* Build configuration list for PBXNativeTarget "CustomNetworking" */ = {
			isa = XCConfigurationList;
			buildConfigurations = (
				1D50AC1A2B1A49F500D58BF5 /* Debug */,
				1D50AC1B2B1A49F500D58BF5 /* Release */,
			);
			defaultConfigurationIsVisible = 0;
			defaultConfigurationName = Release;
		};
/* End XCConfigurationList section */
	};
	rootObject = 1D50ABFD2B1A49F300D58BF5 /* Project object */;
}
